// !$*UTF8*$!
{
	archiveVersion = 1;
	classes = {
	};
	objectVersion = 46;
	objects = {

/* Begin PBXBuildFile section */
		29947F981F0219F7006D8397 /* AppDelegate.swift in Sources */ = {isa = PBXBuildFile; fileRef = 29947F971F0219F7006D8397 /* AppDelegate.swift */; };
		29947F9A1F0219F7006D8397 /* ViewController.swift in Sources */ = {isa = PBXBuildFile; fileRef = 29947F991F0219F7006D8397 /* ViewController.swift */; };
		29947F9D1F0219F7006D8397 /* Main.storyboard in Resources */ = {isa = PBXBuildFile; fileRef = 29947F9B1F0219F7006D8397 /* Main.storyboard */; };
		29947FA01F0219F7006D8397 /* SampleGithub.xcdatamodeld in Sources */ = {isa = PBXBuildFile; fileRef = 29947F9E1F0219F7006D8397 /* SampleGithub.xcdatamodeld */; };
		29947FA21F0219F7006D8397 /* Assets.xcassets in Resources */ = {isa = PBXBuildFile; fileRef = 29947FA11F0219F7006D8397 /* Assets.xcassets */; };
		29947FA51F0219F7006D8397 /* LaunchScreen.storyboard in Resources */ = {isa = PBXBuildFile; fileRef = 29947FA31F0219F7006D8397 /* LaunchScreen.storyboard */; };
		29947FB01F0219F7006D8397 /* SampleGithubTests.swift in Sources */ = {isa = PBXBuildFile; fileRef = 29947FAF1F0219F7006D8397 /* SampleGithubTests.swift */; };
		29947FBB1F0219F8006D8397 /* SampleGithubUITests.swift in Sources */ = {isa = PBXBuildFile; fileRef = 29947FBA1F0219F8006D8397 /* SampleGithubUITests.swift */; };
/* End PBXBuildFile section */

/* Begin PBXContainerItemProxy section */
		29947FAC1F0219F7006D8397 /* PBXContainerItemProxy */ = {
			isa = PBXContainerItemProxy;
			containerPortal = 29947F8C1F0219F6006D8397 /* Project object */;
			proxyType = 1;
			remoteGlobalIDString = 29947F931F0219F7006D8397;
			remoteInfo = SampleGithub;
		};
		29947FB71F0219F7006D8397 /* PBXContainerItemProxy */ = {
			isa = PBXContainerItemProxy;
			containerPortal = 29947F8C1F0219F6006D8397 /* Project object */;
			proxyType = 1;
			remoteGlobalIDString = 29947F931F0219F7006D8397;
			remoteInfo = SampleGithub;
		};
/* End PBXContainerItemProxy section */

/* Begin PBXFileReference section */
		29947F941F0219F7006D8397 /* SampleGithub.app */ = {isa = PBXFileReference; explicitFileType = wrapper.application; includeInIndex = 0; path = SampleGithub.app; sourceTree = BUILT_PRODUCTS_DIR; };
		29947F971F0219F7006D8397 /* AppDelegate.swift */ = {isa = PBXFileReference; lastKnownFileType = sourcecode.swift; path = AppDelegate.swift; sourceTree = "<group>"; };
		29947F991F0219F7006D8397 /* ViewController.swift */ = {isa = PBXFileReference; lastKnownFileType = sourcecode.swift; path = ViewController.swift; sourceTree = "<group>"; };
		29947F9C1F0219F7006D8397 /* Base */ = {isa = PBXFileReference; lastKnownFileType = file.storyboard; name = Base; path = Base.lproj/Main.storyboard; sourceTree = "<group>"; };
		29947F9F1F0219F7006D8397 /* SampleGithub.xcdatamodel */ = {isa = PBXFileReference; lastKnownFileType = wrapper.xcdatamodel; path = SampleGithub.xcdatamodel; sourceTree = "<group>"; };
		29947FA11F0219F7006D8397 /* Assets.xcassets */ = {isa = PBXFileReference; lastKnownFileType = folder.assetcatalog; path = Assets.xcassets; sourceTree = "<group>"; };
		29947FA41F0219F7006D8397 /* Base */ = {isa = PBXFileReference; lastKnownFileType = file.storyboard; name = Base; path = Base.lproj/LaunchScreen.storyboard; sourceTree = "<group>"; };
		29947FA61F0219F7006D8397 /* Info.plist */ = {isa = PBXFileReference; lastKnownFileType = text.plist.xml; path = Info.plist; sourceTree = "<group>"; };
		29947FAB1F0219F7006D8397 /* SampleGithubTests.xctest */ = {isa = PBXFileReference; explicitFileType = wrapper.cfbundle; includeInIndex = 0; path = SampleGithubTests.xctest; sourceTree = BUILT_PRODUCTS_DIR; };
		29947FAF1F0219F7006D8397 /* SampleGithubTests.swift */ = {isa = PBXFileReference; lastKnownFileType = sourcecode.swift; path = SampleGithubTests.swift; sourceTree = "<group>"; };
		29947FB11F0219F7006D8397 /* Info.plist */ = {isa = PBXFileReference; lastKnownFileType = text.plist.xml; path = Info.plist; sourceTree = "<group>"; };
		29947FB61F0219F7006D8397 /* SampleGithubUITests.xctest */ = {isa = PBXFileReference; explicitFileType = wrapper.cfbundle; includeInIndex = 0; path = SampleGithubUITests.xctest; sourceTree = BUILT_PRODUCTS_DIR; };
		29947FBA1F0219F8006D8397 /* SampleGithubUITests.swift */ = {isa = PBXFileReference; lastKnownFileType = sourcecode.swift; path = SampleGithubUITests.swift; sourceTree = "<group>"; };
		29947FBC1F0219F8006D8397 /* Info.plist */ = {isa = PBXFileReference; lastKnownFileType = text.plist.xml; path = Info.plist; sourceTree = "<group>"; };
/* End PBXFileReference section */

/* Begin PBXFrameworksBuildPhase section */
		29947F911F0219F7006D8397 /* Frameworks */ = {
			isa = PBXFrameworksBuildPhase;
			buildActionMask = 2147483647;
			files = (
			);
			runOnlyForDeploymentPostprocessing = 0;
		};
		29947FA81F0219F7006D8397 /* Frameworks */ = {
			isa = PBXFrameworksBuildPhase;
			buildActionMask = 2147483647;
			files = (
			);
			runOnlyForDeploymentPostprocessing = 0;
		};
		29947FB31F0219F7006D8397 /* Frameworks */ = {
			isa = PBXFrameworksBuildPhase;
			buildActionMask = 2147483647;
			files = (
			);
			runOnlyForDeploymentPostprocessing = 0;
		};
/* End PBXFrameworksBuildPhase section */

/* Begin PBXGroup section */
		29947F8B1F0219F6006D8397 = {
			isa = PBXGroup;
			children = (
				29947F961F0219F7006D8397 /* SampleGithub */,
				29947FAE1F0219F7006D8397 /* SampleGithubTests */,
				29947FB91F0219F7006D8397 /* SampleGithubUITests */,
				29947F951F0219F7006D8397 /* Products */,
			);
			sourceTree = "<group>";
		};
		29947F951F0219F7006D8397 /* Products */ = {
			isa = PBXGroup;
			children = (
				29947F941F0219F7006D8397 /* SampleGithub.app */,
				29947FAB1F0219F7006D8397 /* SampleGithubTests.xctest */,
				29947FB61F0219F7006D8397 /* SampleGithubUITests.xctest */,
			);
			name = Products;
			sourceTree = "<group>";
		};
		29947F961F0219F7006D8397 /* SampleGithub */ = {
			isa = PBXGroup;
			children = (
				29947F971F0219F7006D8397 /* AppDelegate.swift */,
				29947F991F0219F7006D8397 /* ViewController.swift */,
				29947F9B1F0219F7006D8397 /* Main.storyboard */,
				29947FA11F0219F7006D8397 /* Assets.xcassets */,
				29947FA31F0219F7006D8397 /* LaunchScreen.storyboard */,
				29947FA61F0219F7006D8397 /* Info.plist */,
				29947F9E1F0219F7006D8397 /* SampleGithub.xcdatamodeld */,
			);
			path = SampleGithub;
			sourceTree = "<group>";
		};
		29947FAE1F0219F7006D8397 /* SampleGithubTests */ = {
			isa = PBXGroup;
			children = (
				29947FAF1F0219F7006D8397 /* SampleGithubTests.swift */,
				29947FB11F0219F7006D8397 /* Info.plist */,
			);
			path = SampleGithubTests;
			sourceTree = "<group>";
		};
		29947FB91F0219F7006D8397 /* SampleGithubUITests */ = {
			isa = PBXGroup;
			children = (
				29947FBA1F0219F8006D8397 /* SampleGithubUITests.swift */,
				29947FBC1F0219F8006D8397 /* Info.plist */,
			);
			path = SampleGithubUITests;
			sourceTree = "<group>";
		};
/* End PBXGroup section */

/* Begin PBXNativeTarget section */
		29947F931F0219F7006D8397 /* SampleGithub */ = {
			isa = PBXNativeTarget;
			buildConfigurationList = 29947FBF1F0219F8006D8397 /* Build configuration list for PBXNativeTarget "SampleGithub" */;
			buildPhases = (
				29947F901F0219F7006D8397 /* Sources */,
				29947F911F0219F7006D8397 /* Frameworks */,
				29947F921F0219F7006D8397 /* Resources */,
			);
			buildRules = (
			);
			dependencies = (
			);
			name = SampleGithub;
			productName = SampleGithub;
			productReference = 29947F941F0219F7006D8397 /* SampleGithub.app */;
			productType = "com.apple.product-type.application";
		};
		29947FAA1F0219F7006D8397 /* SampleGithubTests */ = {
			isa = PBXNativeTarget;
			buildConfigurationList = 29947FC21F0219F8006D8397 /* Build configuration list for PBXNativeTarget "SampleGithubTests" */;
			buildPhases = (
				29947FA71F0219F7006D8397 /* Sources */,
				29947FA81F0219F7006D8397 /* Frameworks */,
				29947FA91F0219F7006D8397 /* Resources */,
			);
			buildRules = (
			);
			dependencies = (
				29947FAD1F0219F7006D8397 /* PBXTargetDependency */,
			);
			name = SampleGithubTests;
			productName = SampleGithubTests;
			productReference = 29947FAB1F0219F7006D8397 /* SampleGithubTests.xctest */;
			productType = "com.apple.product-type.bundle.unit-test";
		};
		29947FB51F0219F7006D8397 /* SampleGithubUITests */ = {
			isa = PBXNativeTarget;
			buildConfigurationList = 29947FC51F0219F8006D8397 /* Build configuration list for PBXNativeTarget "SampleGithubUITests" */;
			buildPhases = (
				29947FB21F0219F7006D8397 /* Sources */,
				29947FB31F0219F7006D8397 /* Frameworks */,
				29947FB41F0219F7006D8397 /* Resources */,
			);
			buildRules = (
			);
			dependencies = (
				29947FB81F0219F7006D8397 /* PBXTargetDependency */,
			);
			name = SampleGithubUITests;
			productName = SampleGithubUITests;
			productReference = 29947FB61F0219F7006D8397 /* SampleGithubUITests.xctest */;
			productType = "com.apple.product-type.bundle.ui-testing";
		};
/* End PBXNativeTarget section */

/* Begin PBXProject section */
		29947F8C1F0219F6006D8397 /* Project object */ = {
			isa = PBXProject;
			attributes = {
				LastSwiftUpdateCheck = 0820;
				LastUpgradeCheck = 0820;
				ORGANIZATIONNAME = expertweb.com;
				TargetAttributes = {
					29947F931F0219F7006D8397 = {
						CreatedOnToolsVersion = 8.2.1;
						DevelopmentTeam = GBLNC7FD76;
						ProvisioningStyle = Automatic;
					};
					29947FAA1F0219F7006D8397 = {
						CreatedOnToolsVersion = 8.2.1;
						DevelopmentTeam = GBLNC7FD76;
						ProvisioningStyle = Automatic;
						TestTargetID = 29947F931F0219F7006D8397;
					};
					29947FB51F0219F7006D8397 = {
						CreatedOnToolsVersion = 8.2.1;
						DevelopmentTeam = GBLNC7FD76;
						ProvisioningStyle = Automatic;
						TestTargetID = 29947F931F0219F7006D8397;
					};
				};
			};
			buildConfigurationList = 29947F8F1F0219F6006D8397 /* Build configuration list for PBXProject "SampleGithub" */;
			compatibilityVersion = "Xcode 3.2";
			developmentRegion = English;
			hasScannedForEncodings = 0;
			knownRegions = (
				en,
				Base,
			);
			mainGroup = 29947F8B1F0219F6006D8397;
			productRefGroup = 29947F951F0219F7006D8397 /* Products */;
			projectDirPath = "";
			projectRoot = "";
			targets = (
				29947F931F0219F7006D8397 /* SampleGithub */,
				29947FAA1F0219F7006D8397 /* SampleGithubTests */,
				29947FB51F0219F7006D8397 /* SampleGithubUITests */,
			);
		};
/* End PBXProject section */

/* Begin PBXResourcesBuildPhase section */
		29947F921F0219F7006D8397 /* Resources */ = {
			isa = PBXResourcesBuildPhase;
			buildActionMask = 2147483647;
			files = (
				29947FA51F0219F7006D8397 /* LaunchScreen.storyboard in Resources */,
				29947FA21F0219F7006D8397 /* Assets.xcassets in Resources */,
				29947F9D1F0219F7006D8397 /* Main.storyboard in Resources */,
			);
			runOnlyForDeploymentPostprocessing = 0;
		};
		29947FA91F0219F7006D8397 /* Resources */ = {
			isa = PBXResourcesBuildPhase;
			buildActionMask = 2147483647;
			files = (
			);
			runOnlyForDeploymentPostprocessing = 0;
		};
		29947FB41F0219F7006D8397 /* Resources */ = {
			isa = PBXResourcesBuildPhase;
			buildActionMask = 2147483647;
			files = (
			);
			runOnlyForDeploymentPostprocessing = 0;
		};
/* End PBXResourcesBuildPhase section */

/* Begin PBXSourcesBuildPhase section */
		29947F901F0219F7006D8397 /* Sources */ = {
			isa = PBXSourcesBuildPhase;
			buildActionMask = 2147483647;
			files = (
				29947F9A1F0219F7006D8397 /* ViewController.swift in Sources */,
				29947F981F0219F7006D8397 /* AppDelegate.swift in Sources */,
				29947FA01F0219F7006D8397 /* SampleGithub.xcdatamodeld in Sources */,
			);
			runOnlyForDeploymentPostprocessing = 0;
		};
		29947FA71F0219F7006D8397 /* Sources */ = {
			isa = PBXSourcesBuildPhase;
			buildActionMask = 2147483647;
			files = (
				29947FB01F0219F7006D8397 /* SampleGithubTests.swift in Sources */,
			);
			runOnlyForDeploymentPostprocessing = 0;
		};
		29947FB21F0219F7006D8397 /* Sources */ = {
			isa = PBXSourcesBuildPhase;
			buildActionMask = 2147483647;
			files = (
				29947FBB1F0219F8006D8397 /* SampleGithubUITests.swift in Sources */,
			);
			runOnlyForDeploymentPostprocessing = 0;
		};
/* End PBXSourcesBuildPhase section */

/* Begin PBXTargetDependency section */
		29947FAD1F0219F7006D8397 /* PBXTargetDependency */ = {
			isa = PBXTargetDependency;
			target = 29947F931F0219F7006D8397 /* SampleGithub */;
			targetProxy = 29947FAC1F0219F7006D8397 /* PBXContainerItemProxy */;
		};
		29947FB81F0219F7006D8397 /* PBXTargetDependency */ = {
			isa = PBXTargetDependency;
			target = 29947F931F0219F7006D8397 /* SampleGithub */;
			targetProxy = 29947FB71F0219F7006D8397 /* PBXContainerItemProxy */;
		};
/* End PBXTargetDependency section */

/* Begin PBXVariantGroup section */
		29947F9B1F0219F7006D8397 /* Main.storyboard */ = {
			isa = PBXVariantGroup;
			children = (
				29947F9C1F0219F7006D8397 /* Base */,
			);
			name = Main.storyboard;
			sourceTree = "<group>";
		};
		29947FA31F0219F7006D8397 /* LaunchScreen.storyboard */ = {
			isa = PBXVariantGroup;
			children = (
				29947FA41F0219F7006D8397 /* Base */,
			);
			name = LaunchScreen.storyboard;
			sourceTree = "<group>";
		};
/* End PBXVariantGroup section */

/* Begin XCBuildConfiguration section */
		29947FBD1F0219F8006D8397 /* Debug */ = {
			isa = XCBuildConfiguration;
			buildSettings = {
				ALWAYS_SEARCH_USER_PATHS = NO;
				CLANG_ANALYZER_NONNULL = YES;
				CLANG_CXX_LANGUAGE_STANDARD = "gnu++0x";
				CLANG_CXX_LIBRARY = "libc++";
				CLANG_ENABLE_MODULES = YES;
				CLANG_ENABLE_OBJC_ARC = YES;
				CLANG_WARN_BOOL_CONVERSION = YES;
				CLANG_WARN_CONSTANT_CONVERSION = YES;
				CLANG_WARN_DIRECT_OBJC_ISA_USAGE = YES_ERROR;
				CLANG_WARN_DOCUMENTATION_COMMENTS = YES;
				CLANG_WARN_EMPTY_BODY = YES;
				CLANG_WARN_ENUM_CONVERSION = YES;
				CLANG_WARN_INFINITE_RECURSION = YES;
				CLANG_WARN_INT_CONVERSION = YES;
				CLANG_WARN_OBJC_ROOT_CLASS = YES_ERROR;
				CLANG_WARN_SUSPICIOUS_MOVE = YES;
				CLANG_WARN_UNREACHABLE_CODE = YES;
				CLANG_WARN__DUPLICATE_METHOD_MATCH = YES;
				"CODE_SIGN_IDENTITY[sdk=iphoneos*]" = "iPhone Developer";
				COPY_PHASE_STRIP = NO;
				DEBUG_INFORMATION_FORMAT = dwarf;
				ENABLE_STRICT_OBJC_MSGSEND = YES;
				ENABLE_TESTABILITY = YES;
				GCC_C_LANGUAGE_STANDARD = gnu99;
				GCC_DYNAMIC_NO_PIC = NO;
				GCC_NO_COMMON_BLOCKS = YES;
				GCC_OPTIMIZATION_LEVEL = 0;
				GCC_PREPROCESSOR_DEFINITIONS = (
					"DEBUG=1",
					"$(inherited)",
				);
				GCC_WARN_64_TO_32_BIT_CONVERSION = YES;
				GCC_WARN_ABOUT_RETURN_TYPE = YES_ERROR;
				GCC_WARN_UNDECLARED_SELECTOR = YES;
				GCC_WARN_UNINITIALIZED_AUTOS = YES_AGGRESSIVE;
				GCC_WARN_UNUSED_FUNCTION = YES;
				GCC_WARN_UNUSED_VARIABLE = YES;
				IPHONEOS_DEPLOYMENT_TARGET = 10.2;
				MTL_ENABLE_DEBUG_INFO = YES;
				ONLY_ACTIVE_ARCH = YES;
				SDKROOT = iphoneos;
				SWIFT_ACTIVE_COMPILATION_CONDITIONS = DEBUG;
				SWIFT_OPTIMIZATION_LEVEL = "-Onone";
				TARGETED_DEVICE_FAMILY = "1,2";
			};
			name = Debug;
		};
		29947FBE1F0219F8006D8397 /* Release */ = {
			isa = XCBuildConfiguration;
			buildSettings = {
				ALWAYS_SEARCH_USER_PATHS = NO;
				CLANG_ANALYZER_NONNULL = YES;
				CLANG_CXX_LANGUAGE_STANDARD = "gnu++0x";
				CLANG_CXX_LIBRARY = "libc++";
				CLANG_ENABLE_MODULES = YES;
				CLANG_ENABLE_OBJC_ARC = YES;
				CLANG_WARN_BOOL_CONVERSION = YES;
				CLANG_WARN_CONSTANT_CONVERSION = YES;
				CLANG_WARN_DIRECT_OBJC_ISA_USAGE = YES_ERROR;
				CLANG_WARN_DOCUMENTATION_COMMENTS = YES;
				CLANG_WARN_EMPTY_BODY = YES;
				CLANG_WARN_ENUM_CONVERSION = YES;
				CLANG_WARN_INFINITE_RECURSION = YES;
				CLANG_WARN_INT_CONVERSION = YES;
				CLANG_WARN_OBJC_ROOT_CLASS = YES_ERROR;
				CLANG_WARN_SUSPICIOUS_MOVE = YES;
				CLANG_WARN_UNREACHABLE_CODE = YES;
				CLANG_WARN__DUPLICATE_METHOD_MATCH = YES;
				"CODE_SIGN_IDENTITY[sdk=iphoneos*]" = "iPhone Developer";
				COPY_PHASE_STRIP = NO;
				DEBUG_INFORMATION_FORMAT = "dwarf-with-dsym";
				ENABLE_NS_ASSERTIONS = NO;
				ENABLE_STRICT_OBJC_MSGSEND = YES;
				GCC_C_LANGUAGE_STANDARD = gnu99;
				GCC_NO_COMMON_BLOCKS = YES;
				GCC_WARN_64_TO_32_BIT_CONVERSION = YES;
				GCC_WARN_ABOUT_RETURN_TYPE = YES_ERROR;
				GCC_WARN_UNDECLARED_SELECTOR = YES;
				GCC_WARN_UNINITIALIZED_AUTOS = YES_AGGRESSIVE;
				GCC_WARN_UNUSED_FUNCTION = YES;
				GCC_WARN_UNUSED_VARIABLE = YES;
				IPHONEOS_DEPLOYMENT_TARGET = 10.2;
				MTL_ENABLE_DEBUG_INFO = NO;
				SDKROOT = iphoneos;
				SWIFT_OPTIMIZATION_LEVEL = "-Owholemodule";
				TARGETED_DEVICE_FAMILY = "1,2";
				VALIDATE_PRODUCT = YES;
			};
			name = Release;
		};
		29947FC01F0219F8006D8397 /* Debug */ = {
			isa = XCBuildConfiguration;
			buildSettings = {
				ASSETCATALOG_COMPILER_APPICON_NAME = AppIcon;
				DEVELOPMENT_TEAM = GBLNC7FD76;
				INFOPLIST_FILE = SampleGithub/Info.plist;
				LD_RUNPATH_SEARCH_PATHS = "$(inherited) @executable_path/Frameworks";
				PRODUCT_BUNDLE_IDENTIFIER = expert.SampleGithub;
				PRODUCT_NAME = "$(TARGET_NAME)";
				SWIFT_VERSION = 3.0;
			};
			name = Debug;
		};
		29947FC11F0219F8006D8397 /* Release */ = {
			isa = XCBuildConfiguration;
			buildSettings = {
				ASSETCATALOG_COMPILER_APPICON_NAME = AppIcon;
				DEVELOPMENT_TEAM = GBLNC7FD76;
				INFOPLIST_FILE = SampleGithub/Info.plist;
				LD_RUNPATH_SEARCH_PATHS = "$(inherited) @executable_path/Frameworks";
				PRODUCT_BUNDLE_IDENTIFIER = expert.SampleGithub;
				PRODUCT_NAME = "$(TARGET_NAME)";
				SWIFT_VERSION = 3.0;
			};
			name = Release;
		};
		29947FC31F0219F8006D8397 /* Debug */ = {
			isa = XCBuildConfiguration;
			buildSettings = {
				ALWAYS_EMBED_SWIFT_STANDARD_LIBRARIES = YES;
				BUNDLE_LOADER = "$(TEST_HOST)";
				DEVELOPMENT_TEAM = GBLNC7FD76;
				INFOPLIST_FILE = SampleGithubTests/Info.plist;
				LD_RUNPATH_SEARCH_PATHS = "$(inherited) @executable_path/Frameworks @loader_path/Frameworks";
				PRODUCT_BUNDLE_IDENTIFIER = expert.SampleGithubTests;
				PRODUCT_NAME = "$(TARGET_NAME)";
				SWIFT_VERSION = 3.0;
				TEST_HOST = "$(BUILT_PRODUCTS_DIR)/SampleGithub.app/SampleGithub";
			};
			name = Debug;
		};
		29947FC41F0219F8006D8397 /* Release */ = {
			isa = XCBuildConfiguration;
			buildSettings = {
				ALWAYS_EMBED_SWIFT_STANDARD_LIBRARIES = YES;
				BUNDLE_LOADER = "$(TEST_HOST)";
				DEVELOPMENT_TEAM = GBLNC7FD76;
				INFOPLIST_FILE = SampleGithubTests/Info.plist;
				LD_RUNPATH_SEARCH_PATHS = "$(inherited) @executable_path/Frameworks @loader_path/Frameworks";
				PRODUCT_BUNDLE_IDENTIFIER = expert.SampleGithubTests;
				PRODUCT_NAME = "$(TARGET_NAME)";
				SWIFT_VERSION = 3.0;
				TEST_HOST = "$(BUILT_PRODUCTS_DIR)/SampleGithub.app/SampleGithub";
			};
			name = Release;
		};
		29947FC61F0219F8006D8397 /* Debug */ = {
			isa = XCBuildConfiguration;
			buildSettings = {
				ALWAYS_EMBED_SWIFT_STANDARD_LIBRARIES = YES;
				DEVELOPMENT_TEAM = GBLNC7FD76;
				INFOPLIST_FILE = SampleGithubUITests/Info.plist;
				LD_RUNPATH_SEARCH_PATHS = "$(inherited) @executable_path/Frameworks @loader_path/Frameworks";
				PRODUCT_BUNDLE_IDENTIFIER = expert.SampleGithubUITests;
				PRODUCT_NAME = "$(TARGET_NAME)";
				SWIFT_VERSION = 3.0;
				TEST_TARGET_NAME = SampleGithub;
			};
			name = Debug;
		};
		29947FC71F0219F8006D8397 /* Release */ = {
			isa = XCBuildConfiguration;
			buildSettings = {
				ALWAYS_EMBED_SWIFT_STANDARD_LIBRARIES = YES;
				DEVELOPMENT_TEAM = GBLNC7FD76;
				INFOPLIST_FILE = SampleGithubUITests/Info.plist;
				LD_RUNPATH_SEARCH_PATHS = "$(inherited) @executable_path/Frameworks @loader_path/Frameworks";
				PRODUCT_BUNDLE_IDENTIFIER = expert.SampleGithubUITests;
				PRODUCT_NAME = "$(TARGET_NAME)";
				SWIFT_VERSION = 3.0;
				TEST_TARGET_NAME = SampleGithub;
			};
			name = Release;
		};
/* End XCBuildConfiguration section */

/* Begin XCConfigurationList section */
		29947F8F1F0219F6006D8397 /* Build configuration list for PBXProject "SampleGithub" */ = {
			isa = XCConfigurationList;
			buildConfigurations = (
				29947FBD1F0219F8006D8397 /* Debug */,
				29947FBE1F0219F8006D8397 /* Release */,
			);
			defaultConfigurationIsVisible = 0;
			defaultConfigurationName = Release;
		};
		29947FBF1F0219F8006D8397 /* Build configuration list for PBXNativeTarget "SampleGithub" */ = {
			isa = XCConfigurationList;
			buildConfigurations = (
				29947FC01F0219F8006D8397 /* Debug */,
				29947FC11F0219F8006D8397 /* Release */,
			);
			defaultConfigurationIsVisible = 0;
		};
		29947FC21F0219F8006D8397 /* Build configuration list for PBXNativeTarget "SampleGithubTests" */ = {
			isa = XCConfigurationList;
			buildConfigurations = (
				29947FC31F0219F8006D8397 /* Debug */,
				29947FC41F0219F8006D8397 /* Release */,
			);
			defaultConfigurationIsVisible = 0;
		};
		29947FC51F0219F8006D8397 /* Build configuration list for PBXNativeTarget "SampleGithubUITests" */ = {
			isa = XCConfigurationList;
			buildConfigurations = (
				29947FC61F0219F8006D8397 /* Debug */,
				29947FC71F0219F8006D8397 /* Release */,
			);
			defaultConfigurationIsVisible = 0;
		};
/* End XCConfigurationList section */

/* Begin XCVersionGroup section */
		29947F9E1F0219F7006D8397 /* SampleGithub.xcdatamodeld */ = {
			isa = XCVersionGroup;
			children = (
				29947F9F1F0219F7006D8397 /* SampleGithub.xcdatamodel */,
			);
			currentVersion = 29947F9F1F0219F7006D8397 /* SampleGithub.xcdatamodel */;
			path = SampleGithub.xcdatamodeld;
			sourceTree = "<group>";
			versionGroupType = wrapper.xcdatamodel;
		};
/* End XCVersionGroup section */
	};
	rootObject = 29947F8C1F0219F6006D8397 /* Project object */;
}
